
Microsoft Visual Studio Solution File, Format Version 12.00
# Visual Studio Version 16
VisualStudioVersion = 16.0.30114.105
MinimumVisualStudioVersion = 10.0.40219.1
Project("{FAE04EC0-301F-11D3-BF4B-00C04F79EFBC}") = "Delegator.App", "Delegator.App\Delegator.App.csproj", "{DA912280-6F31-463D-A1B2-BA6C244C0209}"
EndProject
Project("{FAE04EC0-301F-11D3-BF4B-00C04F79EFBC}") = "Delegator.Entities", "Delegator.Entities\Delegator.Entities.csproj", "{210F952A-8680-4C41-A99D-1F01F350F250}"
EndProject
Project("{FAE04EC0-301F-11D3-BF4B-00C04F79EFBC}") = "Delegator.Lib", "Delegator.Lib\Delegator.Lib.csproj", "{381CCEAC-F772-475F-AFD3-1DD137B01C00}"
EndProject
Global
	GlobalSection(SolutionConfigurationPlatforms) = preSolution
		Debug|Any CPU = Debug|Any CPU
		Debug|x64 = Debug|x64
		Debug|x86 = Debug|x86
		Release|Any CPU = Release|Any CPU
		Release|x64 = Release|x64
		Release|x86 = Release|x86
	EndGlobalSection
	GlobalSection(SolutionProperties) = preSolution
		HideSolutionNode = FALSE
	EndGlobalSection
	GlobalSection(ProjectConfigurationPlatforms) = postSolution
		{DA912280-6F31-463D-A1B2-BA6C244C0209}.Debug|Any CPU.ActiveCfg = Debug|Any CPU
		{DA912280-6F31-463D-A1B2-BA6C244C0209}.Debug|Any CPU.Build.0 = Debug|Any CPU
		{DA912280-6F31-463D-A1B2-BA6C244C0209}.Debug|x64.ActiveCfg = Debug|Any CPU
		{DA912280-6F31-463D-A1B2-BA6C244C0209}.Debug|x64.Build.0 = Debug|Any CPU
		{DA912280-6F31-463D-A1B2-BA6C244C0209}.Debug|x86.ActiveCfg = Debug|Any CPU
		{DA912280-6F31-463D-A1B2-BA6C244C0209}.Debug|x86.Build.0 = Debug|Any CPU
		{DA912280-6F31-463D-A1B2-BA6C244C0209}.Release|Any CPU.ActiveCfg = Release|Any CPU
		{DA912280-6F31-463D-A1B2-BA6C244C0209}.Release|Any CPU.Build.0 = Release|Any CPU
		{DA912280-6F31-463D-A1B2-BA6C244C0209}.Release|x64.ActiveCfg = Release|Any CPU
		{DA912280-6F31-463D-A1B2-BA6C244C0209}.Release|x64.Build.0 = Release|Any CPU
		{DA912280-6F31-463D-A1B2-BA6C244C0209}.Release|x86.ActiveCfg = Release|Any CPU
		{DA912280-6F31-463D-A1B2-BA6C244C0209}.Release|x86.Build.0 = Release|Any CPU
		{210F952A-8680-4C41-A99D-1F01F350F250}.Debug|Any CPU.ActiveCfg = Debug|Any CPU
		{210F952A-8680-4C41-A99D-1F01F350F250}.Debug|Any CPU.Build.0 = Debug|Any CPU
		{210F952A-8680-4C41-A99D-1F01F350F250}.Debug|x64.ActiveCfg = Debug|Any CPU
		{210F952A-8680-4C41-A99D-1F01F350F250}.Debug|x64.Build.0 = Debug|Any CPU
		{210F952A-8680-4C41-A99D-1F01F350F250}.Debug|x86.ActiveCfg = Debug|Any CPU
		{210F952A-8680-4C41-A99D-1F01F350F250}.Debug|x86.Build.0 = Debug|Any CPU
		{210F952A-8680-4C41-A99D-1F01F350F250}.Release|Any CPU.ActiveCfg = Release|Any CPU
		{210F952A-8680-4C41-A99D-1F01F350F250}.Release|Any CPU.Build.0 = Release|Any CPU
		{210F952A-8680-4C41-A99D-1F01F350F250}.Release|x64.ActiveCfg = Release|Any CPU
		{210F952A-8680-4C41-A99D-1F01F350F250}.Release|x64.Build.0 = Release|Any CPU
		{210F952A-8680-4C41-A99D-1F01F350F250}.Release|x86.ActiveCfg = Release|Any CPU
		{210F952A-8680-4C41-A99D-1F01F350F250}.Release|x86.Build.0 = Release|Any CPU
		{381CCEAC-F772-475F-AFD3-1DD137B01C00}.Debug|Any CPU.ActiveCfg = Debug|Any CPU
		{381CCEAC-F772-475F-AFD3-1DD137B01C00}.Debug|Any CPU.Build.0 = Debug|Any CPU
		{381CCEAC-F772-475F-AFD3-1DD137B01C00}.Debug|x64.ActiveCfg = Debug|Any CPU
		{381CCEAC-F772-475F-AFD3-1DD137B01C00}.Debug|x64.Build.0 = Debug|Any CPU
		{381CCEAC-F772-475F-AFD3-1DD137B01C00}.Debug|x86.ActiveCfg = Debug|Any CPU
		{381CCEAC-F772-475F-AFD3-1DD137B01C00}.Debug|x86.Build.0 = Debug|Any CPU
		{381CCEAC-F772-475F-AFD3-1DD137B01C00}.Release|Any CPU.ActiveCfg = Release|Any CPU
		{381CCEAC-F772-475F-AFD3-1DD137B01C00}.Release|Any CPU.Build.0 = Release|Any CPU
		{381CCEAC-F772-475F-AFD3-1DD137B01C00}.Release|x64.ActiveCfg = Release|Any CPU
		{381CCEAC-F772-475F-AFD3-1DD137B01C00}.Release|x64.Build.0 = Release|Any CPU
		{381CCEAC-F772-475F-AFD3-1DD137B01C00}.Release|x86.ActiveCfg = Release|Any CPU
		{381CCEAC-F772-475F-AFD3-1DD137B01C00}.Release|x86.Build.0 = Release|Any CPU
	EndGlobalSection
EndGlobal
